
Microsoft Visual Studio Solution File, Format Version 12.00
# Visual Studio Version 16
VisualStudioVersion = 25.0.1700.0
MinimumVisualStudioVersion = 10.0.40219.1
Project("{F2A71F9B-5D33-465A-A702-920D77279786}") = "FsLearn", "FsLearn\FsLearn.fsproj", "{37187056-6E99-4E71-A85D-A147C0A01003}"
EndProject
Project("{2150E333-8FDC-42A3-9474-1A3956D46DE8}") = "Solution Items", "Solution Items", "{5177D161-143A-4CB5-A63C-05A86B8209A5}"
EndProject
Global
	GlobalSection(SolutionConfigurationPlatforms) = preSolution
		Debug|Any CPU = Debug|Any CPU
		Release|Any CPU = Release|Any CPU
	EndGlobalSection
	GlobalSection(ProjectConfigurationPlatforms) = postSolution
		{37187056-6E99-4E71-A85D-A147C0A01003}.Debug|Any CPU.ActiveCfg = Debug|Any CPU
		{37187056-6E99-4E71-A85D-A147C0A01003}.Debug|Any CPU.Build.0 = Debug|Any CPU
		{37187056-6E99-4E71-A85D-A147C0A01003}.Release|Any CPU.ActiveCfg = Release|Any CPU
		{37187056-6E99-4E71-A85D-A147C0A01003}.Release|Any CPU.Build.0 = Release|Any CPU
	EndGlobalSection
	GlobalSection(SolutionProperties) = preSolution
		HideSolutionNode = FALSE
	EndGlobalSection
	GlobalSection(ExtensibilityGlobals) = postSolution
		SolutionGuid = {AA9BC538-E586-4D4F-9CAB-1932E7DFE20E}
	EndGlobalSection
EndGlobal
